
Microsoft Visual Studio Solution File, Format Version 12.00
# Visual Studio Version 17
VisualStudioVersion = 17.2.32314.265
MinimumVisualStudioVersion = 10.0.40219.1
Project("{9A19103F-16F7-4668-BE54-9A1E7A4F7556}") = "AnalysisDashboard", "AnalysisDashboard\AnalysisDashboard.csproj", "{3F47C8CD-0710-4A14-A202-D54ACF2DC1CB}"
EndProject
Global
	GlobalSection(SolutionConfigurationPlatforms) = preSolution
		Debug|Any CPU = Debug|Any CPU
		Release|Any CPU = Release|Any CPU
	EndGlobalSection
	GlobalSection(ProjectConfigurationPlatforms) = postSolution
		{3F47C8CD-0710-4A14-A202-D54ACF2DC1CB}.Debug|Any CPU.ActiveCfg = Debug|Any CPU
		{3F47C8CD-0710-4A14-A202-D54ACF2DC1CB}.Debug|Any CPU.Build.0 = Debug|Any CPU
		{3F47C8CD-0710-4A14-A202-D54ACF2DC1CB}.Release|Any CPU.ActiveCfg = Release|Any CPU
		{3F47C8CD-0710-4A14-A202-D54ACF2DC1CB}.Release|Any CPU.Build.0 = Release|Any CPU
	EndGlobalSection
	GlobalSection(SolutionProperties) = preSolution
		HideSolutionNode = FALSE
	EndGlobalSection
	GlobalSection(ExtensibilityGlobals) = postSolution
		SolutionGuid = {4C2693F6-AE09-4415-ACD6-32C2A263E8D7}
	EndGlobalSection
EndGlobal
